// !$*UTF8*$!
{
	archiveVersion = 1;
	classes = {
	};
	objectVersion = 56;
	objects = {

/* Begin PBXBuildFile section */
		5EE769B12D76BF21009DEB58 /* AppDelegate.swift in Sources */ = {isa = PBXBuildFile; fileRef = 5EE769B02D76BF21009DEB58 /* AppDelegate.swift */; };
		5EE769B32D76BF21009DEB58 /* SceneDelegate.swift in Sources */ = {isa = PBXBuildFile; fileRef = 5EE769B22D76BF21009DEB58 /* SceneDelegate.swift */; };
		5EE769B52D76BF21009DEB58 /* ViewController.swift in Sources */ = {isa = PBXBuildFile; fileRef = 5EE769B42D76BF21009DEB58 /* ViewController.swift */; };
		5EE769B82D76BF21009DEB58 /* Main.storyboard in Resources */ = {isa = PBXBuildFile; fileRef = 5EE769B62D76BF21009DEB58 /* Main.storyboard */; };
		5EE769BA2D76BF23009DEB58 /* Assets.xcassets in Resources */ = {isa = PBXBuildFile; fileRef = 5EE769B92D76BF23009DEB58 /* Assets.xcassets */; };
		5EE769BD2D76BF23009DEB58 /* LaunchScreen.storyboard in Resources */ = {isa = PBXBuildFile; fileRef = 5EE769BB2D76BF23009DEB58 /* LaunchScreen.storyboard */; };
		5EF2C49C2D95417D00EA89C1 /* .gitkeep in Resources */ = {isa = PBXBuildFile; fileRef = 5EF2C49B2D95417D00EA89C1 /* .gitkeep */; };
		5EF2C4A62D95418E00EA89C1 /* Pretendard-Medium.otf in Resources */ = {isa = PBXBuildFile; fileRef = 5EF2C4A22D95418E00EA89C1 /* Pretendard-Medium.otf */; };
		5EF2C4A72D95418E00EA89C1 /* Pretendard-Black.otf in Resources */ = {isa = PBXBuildFile; fileRef = 5EF2C49D2D95418E00EA89C1 /* Pretendard-Black.otf */; };
		5EF2C4A82D95418E00EA89C1 /* Pretendard-Thin.otf in Resources */ = {isa = PBXBuildFile; fileRef = 5EF2C4A52D95418E00EA89C1 /* Pretendard-Thin.otf */; };
		5EF2C4A92D95418E00EA89C1 /* Pretendard-Bold.otf in Resources */ = {isa = PBXBuildFile; fileRef = 5EF2C49E2D95418E00EA89C1 /* Pretendard-Bold.otf */; };
		5EF2C4AA2D95418E00EA89C1 /* Pretendard-Light.otf in Resources */ = {isa = PBXBuildFile; fileRef = 5EF2C4A12D95418E00EA89C1 /* Pretendard-Light.otf */; };
		5EF2C4AB2D95418E00EA89C1 /* Pretendard-ExtraBold.otf in Resources */ = {isa = PBXBuildFile; fileRef = 5EF2C49F2D95418E00EA89C1 /* Pretendard-ExtraBold.otf */; };
		5EF2C4AC2D95418E00EA89C1 /* Pretendard-ExtraLight.otf in Resources */ = {isa = PBXBuildFile; fileRef = 5EF2C4A02D95418E00EA89C1 /* Pretendard-ExtraLight.otf */; };
		5EF2C4AD2D95418E00EA89C1 /* Pretendard-Regular.otf in Resources */ = {isa = PBXBuildFile; fileRef = 5EF2C4A32D95418E00EA89C1 /* Pretendard-Regular.otf */; };
		5EF2C4AE2D95418E00EA89C1 /* Pretendard-SemiBold.otf in Resources */ = {isa = PBXBuildFile; fileRef = 5EF2C4A42D95418E00EA89C1 /* Pretendard-SemiBold.otf */; };
		5EF2C4B62D9541DD00EA89C1 /* MiraeroNormal.ttf in Resources */ = {isa = PBXBuildFile; fileRef = 5EF2C4B42D9541DD00EA89C1 /* MiraeroNormal.ttf */; };
		5EF2C4B72D9541DD00EA89C1 /* DOSMyungjo.ttf in Resources */ = {isa = PBXBuildFile; fileRef = 5EF2C4B12D9541DD00EA89C1 /* DOSMyungjo.ttf */; };
		5EF2C4B82D9541DD00EA89C1 /* DOSGothic.ttf in Resources */ = {isa = PBXBuildFile; fileRef = 5EF2C4AF2D9541DD00EA89C1 /* DOSGothic.ttf */; };
		5EF2C4B92D9541DD00EA89C1 /* DOSIyagiBoldface.ttf in Resources */ = {isa = PBXBuildFile; fileRef = 5EF2C4B02D9541DD00EA89C1 /* DOSIyagiBoldface.ttf */; };
		5EF2C4BA2D9541DD00EA89C1 /* Sam3KRFont.ttf in Resources */ = {isa = PBXBuildFile; fileRef = 5EF2C4B52D9541DD00EA89C1 /* Sam3KRFont.ttf */; };
		5EF2C4BB2D9541DD00EA89C1 /* DOSSaemmul.ttf in Resources */ = {isa = PBXBuildFile; fileRef = 5EF2C4B32D9541DD00EA89C1 /* DOSSaemmul.ttf */; };
		5EF2C4BC2D9541DD00EA89C1 /* DOSPilgi.ttf in Resources */ = {isa = PBXBuildFile; fileRef = 5EF2C4B22D9541DD00EA89C1 /* DOSPilgi.ttf */; };
		5EF2C5152D9BD3B500EA89C1 /* SnapKit in Frameworks */ = {isa = PBXBuildFile; productRef = 5EF2C5142D9BD3B500EA89C1 /* SnapKit */; };
		5EF2C5182D9BD3C900EA89C1 /* RxCocoa in Frameworks */ = {isa = PBXBuildFile; productRef = 5EF2C5172D9BD3C900EA89C1 /* RxCocoa */; };
		5EF2C51A2D9BD3C900EA89C1 /* RxSwift in Frameworks */ = {isa = PBXBuildFile; productRef = 5EF2C5192D9BD3C900EA89C1 /* RxSwift */; };
		5EF2C51F2D9BD67000EA89C1 /* RxGesture in Frameworks */ = {isa = PBXBuildFile; productRef = 5EF2C51E2D9BD67000EA89C1 /* RxGesture */; };
		5EF2C5222D9BDCA900EA89C1 /* OnBoardingPriorityViewController.swift in Sources */ = {isa = PBXBuildFile; fileRef = 5EF2C5212D9BDCA900EA89C1 /* OnBoardingPriorityViewController.swift */; };
		5EF2C5242D9BDCD700EA89C1 /* OnBoardingPriorityCollectionViewCell.swift in Sources */ = {isa = PBXBuildFile; fileRef = 5EF2C5232D9BDCD700EA89C1 /* OnBoardingPriorityCollectionViewCell.swift */; };
		5EF2C5272D9C1B3000EA89C1 /* RxDataSources in Frameworks */ = {isa = PBXBuildFile; productRef = 5EF2C5262D9C1B3000EA89C1 /* RxDataSources */; };
		5EF2C57A2DA2807000EA89C1 /* OnBoardingCompetencyViewController.swift in Sources */ = {isa = PBXBuildFile; fileRef = 5EF2C5792DA2807000EA89C1 /* OnBoardingCompetencyViewController.swift */; };
		5EF2C57C2DA28BCA00EA89C1 /* OnBoardingCompetencyCollectionViewCell.swift in Sources */ = {isa = PBXBuildFile; fileRef = 5EF2C57B2DA28BCA00EA89C1 /* OnBoardingCompetencyCollectionViewCell.swift */; };
/* End PBXBuildFile section */

/* Begin PBXFileReference section */
		5EE769AD2D76BF21009DEB58 /* Cosmo-iOS.app */ = {isa = PBXFileReference; explicitFileType = wrapper.application; includeInIndex = 0; path = "Cosmo-iOS.app"; sourceTree = BUILT_PRODUCTS_DIR; };
		5EE769B02D76BF21009DEB58 /* AppDelegate.swift */ = {isa = PBXFileReference; lastKnownFileType = sourcecode.swift; path = AppDelegate.swift; sourceTree = "<group>"; };
		5EE769B22D76BF21009DEB58 /* SceneDelegate.swift */ = {isa = PBXFileReference; lastKnownFileType = sourcecode.swift; path = SceneDelegate.swift; sourceTree = "<group>"; };
		5EE769B42D76BF21009DEB58 /* ViewController.swift */ = {isa = PBXFileReference; lastKnownFileType = sourcecode.swift; path = ViewController.swift; sourceTree = "<group>"; };
		5EE769B72D76BF21009DEB58 /* Base */ = {isa = PBXFileReference; lastKnownFileType = file.storyboard; name = Base; path = Base.lproj/Main.storyboard; sourceTree = "<group>"; };
		5EE769B92D76BF23009DEB58 /* Assets.xcassets */ = {isa = PBXFileReference; lastKnownFileType = folder.assetcatalog; path = Assets.xcassets; sourceTree = "<group>"; };
		5EE769BC2D76BF23009DEB58 /* Base */ = {isa = PBXFileReference; lastKnownFileType = file.storyboard; name = Base; path = Base.lproj/LaunchScreen.storyboard; sourceTree = "<group>"; };
		5EE769BE2D76BF23009DEB58 /* Info.plist */ = {isa = PBXFileReference; lastKnownFileType = text.plist.xml; path = Info.plist; sourceTree = "<group>"; };
		5EF2C49B2D95417D00EA89C1 /* .gitkeep */ = {isa = PBXFileReference; lastKnownFileType = text; path = .gitkeep; sourceTree = "<group>"; };
		5EF2C49D2D95418E00EA89C1 /* Pretendard-Black.otf */ = {isa = PBXFileReference; lastKnownFileType = file; path = "Pretendard-Black.otf"; sourceTree = "<group>"; };
		5EF2C49E2D95418E00EA89C1 /* Pretendard-Bold.otf */ = {isa = PBXFileReference; lastKnownFileType = file; path = "Pretendard-Bold.otf"; sourceTree = "<group>"; };
		5EF2C49F2D95418E00EA89C1 /* Pretendard-ExtraBold.otf */ = {isa = PBXFileReference; lastKnownFileType = file; path = "Pretendard-ExtraBold.otf"; sourceTree = "<group>"; };
		5EF2C4A02D95418E00EA89C1 /* Pretendard-ExtraLight.otf */ = {isa = PBXFileReference; lastKnownFileType = file; path = "Pretendard-ExtraLight.otf"; sourceTree = "<group>"; };
		5EF2C4A12D95418E00EA89C1 /* Pretendard-Light.otf */ = {isa = PBXFileReference; lastKnownFileType = file; path = "Pretendard-Light.otf"; sourceTree = "<group>"; };
		5EF2C4A22D95418E00EA89C1 /* Pretendard-Medium.otf */ = {isa = PBXFileReference; lastKnownFileType = file; path = "Pretendard-Medium.otf"; sourceTree = "<group>"; };
		5EF2C4A32D95418E00EA89C1 /* Pretendard-Regular.otf */ = {isa = PBXFileReference; lastKnownFileType = file; path = "Pretendard-Regular.otf"; sourceTree = "<group>"; };
		5EF2C4A42D95418E00EA89C1 /* Pretendard-SemiBold.otf */ = {isa = PBXFileReference; lastKnownFileType = file; path = "Pretendard-SemiBold.otf"; sourceTree = "<group>"; };
		5EF2C4A52D95418E00EA89C1 /* Pretendard-Thin.otf */ = {isa = PBXFileReference; lastKnownFileType = file; path = "Pretendard-Thin.otf"; sourceTree = "<group>"; };
		5EF2C4AF2D9541DD00EA89C1 /* DOSGothic.ttf */ = {isa = PBXFileReference; lastKnownFileType = file; path = DOSGothic.ttf; sourceTree = "<group>"; };
		5EF2C4B02D9541DD00EA89C1 /* DOSIyagiBoldface.ttf */ = {isa = PBXFileReference; lastKnownFileType = file; path = DOSIyagiBoldface.ttf; sourceTree = "<group>"; };
		5EF2C4B12D9541DD00EA89C1 /* DOSMyungjo.ttf */ = {isa = PBXFileReference; lastKnownFileType = file; path = DOSMyungjo.ttf; sourceTree = "<group>"; };
		5EF2C4B22D9541DD00EA89C1 /* DOSPilgi.ttf */ = {isa = PBXFileReference; lastKnownFileType = file; path = DOSPilgi.ttf; sourceTree = "<group>"; };
		5EF2C4B32D9541DD00EA89C1 /* DOSSaemmul.ttf */ = {isa = PBXFileReference; lastKnownFileType = file; path = DOSSaemmul.ttf; sourceTree = "<group>"; };
		5EF2C4B42D9541DD00EA89C1 /* MiraeroNormal.ttf */ = {isa = PBXFileReference; lastKnownFileType = file; path = MiraeroNormal.ttf; sourceTree = "<group>"; };
		5EF2C4B52D9541DD00EA89C1 /* Sam3KRFont.ttf */ = {isa = PBXFileReference; lastKnownFileType = file; path = Sam3KRFont.ttf; sourceTree = "<group>"; };
		5EF2C5212D9BDCA900EA89C1 /* OnBoardingPriorityViewController.swift */ = {isa = PBXFileReference; lastKnownFileType = sourcecode.swift; path = OnBoardingPriorityViewController.swift; sourceTree = "<group>"; };
		5EF2C5232D9BDCD700EA89C1 /* OnBoardingPriorityCollectionViewCell.swift */ = {isa = PBXFileReference; lastKnownFileType = sourcecode.swift; path = OnBoardingPriorityCollectionViewCell.swift; sourceTree = "<group>"; };
		5EF2C5792DA2807000EA89C1 /* OnBoardingCompetencyViewController.swift */ = {isa = PBXFileReference; lastKnownFileType = sourcecode.swift; path = OnBoardingCompetencyViewController.swift; sourceTree = "<group>"; };
		5EF2C57B2DA28BCA00EA89C1 /* OnBoardingCompetencyCollectionViewCell.swift */ = {isa = PBXFileReference; lastKnownFileType = sourcecode.swift; path = OnBoardingCompetencyCollectionViewCell.swift; sourceTree = "<group>"; };
/* End PBXFileReference section */

/* Begin PBXFrameworksBuildPhase section */
		5EE769AA2D76BF21009DEB58 /* Frameworks */ = {
			isa = PBXFrameworksBuildPhase;
			buildActionMask = 2147483647;
			files = (
				5EF2C51A2D9BD3C900EA89C1 /* RxSwift in Frameworks */,
				5EF2C5182D9BD3C900EA89C1 /* RxCocoa in Frameworks */,
				5EF2C51F2D9BD67000EA89C1 /* RxGesture in Frameworks */,
				5EF2C5272D9C1B3000EA89C1 /* RxDataSources in Frameworks */,
				5EF2C5152D9BD3B500EA89C1 /* SnapKit in Frameworks */,
			);
			runOnlyForDeploymentPostprocessing = 0;
		};
/* End PBXFrameworksBuildPhase section */

/* Begin PBXGroup section */
		5EE769A42D76BF21009DEB58 = {
			isa = PBXGroup;
			children = (
				5EE769AF2D76BF21009DEB58 /* Cosmo-iOS */,
				5EE769AE2D76BF21009DEB58 /* Products */,
			);
			sourceTree = "<group>";
		};
		5EE769AE2D76BF21009DEB58 /* Products */ = {
			isa = PBXGroup;
			children = (
				5EE769AD2D76BF21009DEB58 /* Cosmo-iOS.app */,
			);
			name = Products;
			sourceTree = "<group>";
		};
		5EE769AF2D76BF21009DEB58 /* Cosmo-iOS */ = {
			isa = PBXGroup;
			children = (
				5EF2C50E2D9BCCDB00EA89C1 /* Presentation */,
				5EF2C4972D95414C00EA89C1 /* Resources */,
				5EF2C4962D9540BF00EA89C1 /* Network */,
				5EF2C4952D95407000EA89C1 /* Extension */,
				5EF2C4942D95406800EA89C1 /* Domain */,
				5EF2C4932D95406200EA89C1 /* Data */,
				5EF2C4922D95405800EA89C1 /* App */,
				5EE769B22D76BF21009DEB58 /* SceneDelegate.swift */,
				5EE769B42D76BF21009DEB58 /* ViewController.swift */,
				5EE769B62D76BF21009DEB58 /* Main.storyboard */,
				5EE769B92D76BF23009DEB58 /* Assets.xcassets */,
				5EE769BB2D76BF23009DEB58 /* LaunchScreen.storyboard */,
				5EE769BE2D76BF23009DEB58 /* Info.plist */,
			);
			path = "Cosmo-iOS";
			sourceTree = "<group>";
		};
		5EF2C4922D95405800EA89C1 /* App */ = {
			isa = PBXGroup;
			children = (
				5EE769B02D76BF21009DEB58 /* AppDelegate.swift */,
			);
			path = App;
			sourceTree = "<group>";
		};
		5EF2C4932D95406200EA89C1 /* Data */ = {
			isa = PBXGroup;
			children = (
			);
			path = Data;
			sourceTree = "<group>";
		};
		5EF2C4942D95406800EA89C1 /* Domain */ = {
			isa = PBXGroup;
			children = (
			);
			path = Domain;
			sourceTree = "<group>";
		};
		5EF2C4952D95407000EA89C1 /* Extension */ = {
			isa = PBXGroup;
			children = (
			);
			path = Extension;
			sourceTree = "<group>";
		};
		5EF2C4962D9540BF00EA89C1 /* Network */ = {
			isa = PBXGroup;
			children = (
			);
			path = Network;
			sourceTree = "<group>";
		};
		5EF2C4972D95414C00EA89C1 /* Resources */ = {
			isa = PBXGroup;
			children = (
				5EF2C4982D95415600EA89C1 /* Font */,
			);
			path = Resources;
			sourceTree = "<group>";
		};
		5EF2C4982D95415600EA89C1 /* Font */ = {
			isa = PBXGroup;
			children = (
				5EF2C4AF2D9541DD00EA89C1 /* DOSGothic.ttf */,
				5EF2C4B02D9541DD00EA89C1 /* DOSIyagiBoldface.ttf */,
				5EF2C4B12D9541DD00EA89C1 /* DOSMyungjo.ttf */,
				5EF2C4B22D9541DD00EA89C1 /* DOSPilgi.ttf */,
				5EF2C4B32D9541DD00EA89C1 /* DOSSaemmul.ttf */,
				5EF2C4B42D9541DD00EA89C1 /* MiraeroNormal.ttf */,
				5EF2C4B52D9541DD00EA89C1 /* Sam3KRFont.ttf */,
				5EF2C49B2D95417D00EA89C1 /* .gitkeep */,
				5EF2C49D2D95418E00EA89C1 /* Pretendard-Black.otf */,
				5EF2C49E2D95418E00EA89C1 /* Pretendard-Bold.otf */,
				5EF2C49F2D95418E00EA89C1 /* Pretendard-ExtraBold.otf */,
				5EF2C4A02D95418E00EA89C1 /* Pretendard-ExtraLight.otf */,
				5EF2C4A12D95418E00EA89C1 /* Pretendard-Light.otf */,
				5EF2C4A22D95418E00EA89C1 /* Pretendard-Medium.otf */,
				5EF2C4A32D95418E00EA89C1 /* Pretendard-Regular.otf */,
				5EF2C4A42D95418E00EA89C1 /* Pretendard-SemiBold.otf */,
				5EF2C4A52D95418E00EA89C1 /* Pretendard-Thin.otf */,
			);
			path = Font;
			sourceTree = "<group>";
		};
		5EF2C50E2D9BCCDB00EA89C1 /* Presentation */ = {
			isa = PBXGroup;
			children = (
				5EF2C50F2D9BCCE500EA89C1 /* OnBoarding */,
			);
			path = Presentation;
			sourceTree = "<group>";
		};
		5EF2C50F2D9BCCE500EA89C1 /* OnBoarding */ = {
			isa = PBXGroup;
			children = (
				5EF2C5202D9BDCA100EA89C1 /* View */,
			);
			path = OnBoarding;
			sourceTree = "<group>";
		};
		5EF2C5202D9BDCA100EA89C1 /* View */ = {
			isa = PBXGroup;
			children = (
				5EF2C5212D9BDCA900EA89C1 /* OnBoardingPriorityViewController.swift */,
				5EF2C5232D9BDCD700EA89C1 /* OnBoardingPriorityCollectionViewCell.swift */,
				5EF2C5792DA2807000EA89C1 /* OnBoardingCompetencyViewController.swift */,
				5EF2C57B2DA28BCA00EA89C1 /* OnBoardingCompetencyCollectionViewCell.swift */,
			);
			path = View;
			sourceTree = "<group>";
		};
/* End PBXGroup section */

/* Begin PBXNativeTarget section */
		5EE769AC2D76BF21009DEB58 /* Cosmo-iOS */ = {
			isa = PBXNativeTarget;
			buildConfigurationList = 5EE769C12D76BF23009DEB58 /* Build configuration list for PBXNativeTarget "Cosmo-iOS" */;
			buildPhases = (
				5EE769A92D76BF21009DEB58 /* Sources */,
				5EE769AA2D76BF21009DEB58 /* Frameworks */,
				5EE769AB2D76BF21009DEB58 /* Resources */,
			);
			buildRules = (
			);
			dependencies = (
			);
			name = "Cosmo-iOS";
			productName = "Cosmo-iOS";
			productReference = 5EE769AD2D76BF21009DEB58 /* Cosmo-iOS.app */;
			productType = "com.apple.product-type.application";
		};
/* End PBXNativeTarget section */

/* Begin PBXProject section */
		5EE769A52D76BF21009DEB58 /* Project object */ = {
			isa = PBXProject;
			attributes = {
				BuildIndependentTargetsInParallel = 1;
				LastSwiftUpdateCheck = 1520;
				LastUpgradeCheck = 1520;
				TargetAttributes = {
					5EE769AC2D76BF21009DEB58 = {
						CreatedOnToolsVersion = 15.2;
					};
				};
			};
			buildConfigurationList = 5EE769A82D76BF21009DEB58 /* Build configuration list for PBXProject "Cosmo-iOS" */;
			compatibilityVersion = "Xcode 14.0";
			developmentRegion = en;
			hasScannedForEncodings = 0;
			knownRegions = (
				en,
				Base,
			);
			mainGroup = 5EE769A42D76BF21009DEB58;
			packageReferences = (
				5EF2C5132D9BD3B500EA89C1 /* XCRemoteSwiftPackageReference "SnapKit" */,
				5EF2C5162D9BD3C900EA89C1 /* XCRemoteSwiftPackageReference "RxSwift" */,
				5EF2C51D2D9BD67000EA89C1 /* XCRemoteSwiftPackageReference "RxGesture" */,
				5EF2C5252D9C1B3000EA89C1 /* XCRemoteSwiftPackageReference "RxDataSources" */,
			);
			productRefGroup = 5EE769AE2D76BF21009DEB58 /* Products */;
			projectDirPath = "";
			projectRoot = "";
			targets = (
				5EE769AC2D76BF21009DEB58 /* Cosmo-iOS */,
			);
		};
/* End PBXProject section */

/* Begin PBXResourcesBuildPhase section */
		5EE769AB2D76BF21009DEB58 /* Resources */ = {
			isa = PBXResourcesBuildPhase;
			buildActionMask = 2147483647;
			files = (
				5EE769BD2D76BF23009DEB58 /* LaunchScreen.storyboard in Resources */,
				5EE769BA2D76BF23009DEB58 /* Assets.xcassets in Resources */,
				5EE769B82D76BF21009DEB58 /* Main.storyboard in Resources */,
				5EF2C4B62D9541DD00EA89C1 /* MiraeroNormal.ttf in Resources */,
				5EF2C4B72D9541DD00EA89C1 /* DOSMyungjo.ttf in Resources */,
				5EF2C4B82D9541DD00EA89C1 /* DOSGothic.ttf in Resources */,
				5EF2C4B92D9541DD00EA89C1 /* DOSIyagiBoldface.ttf in Resources */,
				5EF2C4BA2D9541DD00EA89C1 /* Sam3KRFont.ttf in Resources */,
				5EF2C4BB2D9541DD00EA89C1 /* DOSSaemmul.ttf in Resources */,
				5EF2C4BC2D9541DD00EA89C1 /* DOSPilgi.ttf in Resources */,
				5EF2C49C2D95417D00EA89C1 /* .gitkeep in Resources */,
				5EF2C4A62D95418E00EA89C1 /* Pretendard-Medium.otf in Resources */,
				5EF2C4A72D95418E00EA89C1 /* Pretendard-Black.otf in Resources */,
				5EF2C4A82D95418E00EA89C1 /* Pretendard-Thin.otf in Resources */,
				5EF2C4A92D95418E00EA89C1 /* Pretendard-Bold.otf in Resources */,
				5EF2C4AA2D95418E00EA89C1 /* Pretendard-Light.otf in Resources */,
				5EF2C4AB2D95418E00EA89C1 /* Pretendard-ExtraBold.otf in Resources */,
				5EF2C4AC2D95418E00EA89C1 /* Pretendard-ExtraLight.otf in Resources */,
				5EF2C4AD2D95418E00EA89C1 /* Pretendard-Regular.otf in Resources */,
				5EF2C4AE2D95418E00EA89C1 /* Pretendard-SemiBold.otf in Resources */,
			);
			runOnlyForDeploymentPostprocessing = 0;
		};
/* End PBXResourcesBuildPhase section */

/* Begin PBXSourcesBuildPhase section */
		5EE769A92D76BF21009DEB58 /* Sources */ = {
			isa = PBXSourcesBuildPhase;
			buildActionMask = 2147483647;
			files = (
				5EE769B52D76BF21009DEB58 /* ViewController.swift in Sources */,
				5EF2C5242D9BDCD700EA89C1 /* OnBoardingPriorityCollectionViewCell.swift in Sources */,
				5EF2C57C2DA28BCA00EA89C1 /* OnBoardingCompetencyCollectionViewCell.swift in Sources */,
				5EF2C57A2DA2807000EA89C1 /* OnBoardingCompetencyViewController.swift in Sources */,
				5EF2C5222D9BDCA900EA89C1 /* OnBoardingPriorityViewController.swift in Sources */,
				5EE769B12D76BF21009DEB58 /* AppDelegate.swift in Sources */,
				5EE769B32D76BF21009DEB58 /* SceneDelegate.swift in Sources */,
			);
			runOnlyForDeploymentPostprocessing = 0;
		};
/* End PBXSourcesBuildPhase section */

/* Begin PBXVariantGroup section */
		5EE769B62D76BF21009DEB58 /* Main.storyboard */ = {
			isa = PBXVariantGroup;
			children = (
				5EE769B72D76BF21009DEB58 /* Base */,
			);
			name = Main.storyboard;
			sourceTree = "<group>";
		};
		5EE769BB2D76BF23009DEB58 /* LaunchScreen.storyboard */ = {
			isa = PBXVariantGroup;
			children = (
				5EE769BC2D76BF23009DEB58 /* Base */,
			);
			name = LaunchScreen.storyboard;
			sourceTree = "<group>";
		};
/* End PBXVariantGroup section */

/* Begin XCBuildConfiguration section */
		5EE769BF2D76BF23009DEB58 /* Debug */ = {
			isa = XCBuildConfiguration;
			buildSettings = {
				ALWAYS_SEARCH_USER_PATHS = NO;
				ASSETCATALOG_COMPILER_GENERATE_SWIFT_ASSET_SYMBOL_EXTENSIONS = YES;
				CLANG_ANALYZER_NONNULL = YES;
				CLANG_ANALYZER_NUMBER_OBJECT_CONVERSION = YES_AGGRESSIVE;
				CLANG_CXX_LANGUAGE_STANDARD = "gnu++20";
				CLANG_ENABLE_MODULES = YES;
				CLANG_ENABLE_OBJC_ARC = YES;
				CLANG_ENABLE_OBJC_WEAK = YES;
				CLANG_WARN_BLOCK_CAPTURE_AUTORELEASING = YES;
				CLANG_WARN_BOOL_CONVERSION = YES;
				CLANG_WARN_COMMA = YES;
				CLANG_WARN_CONSTANT_CONVERSION = YES;
				CLANG_WARN_DEPRECATED_OBJC_IMPLEMENTATIONS = YES;
				CLANG_WARN_DIRECT_OBJC_ISA_USAGE = YES_ERROR;
				CLANG_WARN_DOCUMENTATION_COMMENTS = YES;
				CLANG_WARN_EMPTY_BODY = YES;
				CLANG_WARN_ENUM_CONVERSION = YES;
				CLANG_WARN_INFINITE_RECURSION = YES;
				CLANG_WARN_INT_CONVERSION = YES;
				CLANG_WARN_NON_LITERAL_NULL_CONVERSION = YES;
				CLANG_WARN_OBJC_IMPLICIT_RETAIN_SELF = YES;
				CLANG_WARN_OBJC_LITERAL_CONVERSION = YES;
				CLANG_WARN_OBJC_ROOT_CLASS = YES_ERROR;
				CLANG_WARN_QUOTED_INCLUDE_IN_FRAMEWORK_HEADER = YES;
				CLANG_WARN_RANGE_LOOP_ANALYSIS = YES;
				CLANG_WARN_STRICT_PROTOTYPES = YES;
				CLANG_WARN_SUSPICIOUS_MOVE = YES;
				CLANG_WARN_UNGUARDED_AVAILABILITY = YES_AGGRESSIVE;
				CLANG_WARN_UNREACHABLE_CODE = YES;
				CLANG_WARN__DUPLICATE_METHOD_MATCH = YES;
				COPY_PHASE_STRIP = NO;
				DEBUG_INFORMATION_FORMAT = dwarf;
				ENABLE_STRICT_OBJC_MSGSEND = YES;
				ENABLE_TESTABILITY = YES;
				ENABLE_USER_SCRIPT_SANDBOXING = YES;
				GCC_C_LANGUAGE_STANDARD = gnu17;
				GCC_DYNAMIC_NO_PIC = NO;
				GCC_NO_COMMON_BLOCKS = YES;
				GCC_OPTIMIZATION_LEVEL = 0;
				GCC_PREPROCESSOR_DEFINITIONS = (
					"DEBUG=1",
					"$(inherited)",
				);
				GCC_WARN_64_TO_32_BIT_CONVERSION = YES;
				GCC_WARN_ABOUT_RETURN_TYPE = YES_ERROR;
				GCC_WARN_UNDECLARED_SELECTOR = YES;
				GCC_WARN_UNINITIALIZED_AUTOS = YES_AGGRESSIVE;
				GCC_WARN_UNUSED_FUNCTION = YES;
				GCC_WARN_UNUSED_VARIABLE = YES;
				IPHONEOS_DEPLOYMENT_TARGET = 17.2;
				LOCALIZATION_PREFERS_STRING_CATALOGS = YES;
				MTL_ENABLE_DEBUG_INFO = INCLUDE_SOURCE;
				MTL_FAST_MATH = YES;
				ONLY_ACTIVE_ARCH = YES;
				SDKROOT = iphoneos;
				SWIFT_ACTIVE_COMPILATION_CONDITIONS = "DEBUG $(inherited)";
				SWIFT_OPTIMIZATION_LEVEL = "-Onone";
			};
			name = Debug;
		};
		5EE769C02D76BF23009DEB58 /* Release */ = {
			isa = XCBuildConfiguration;
			buildSettings = {
				ALWAYS_SEARCH_USER_PATHS = NO;
				ASSETCATALOG_COMPILER_GENERATE_SWIFT_ASSET_SYMBOL_EXTENSIONS = YES;
				CLANG_ANALYZER_NONNULL = YES;
				CLANG_ANALYZER_NUMBER_OBJECT_CONVERSION = YES_AGGRESSIVE;
				CLANG_CXX_LANGUAGE_STANDARD = "gnu++20";
				CLANG_ENABLE_MODULES = YES;
				CLANG_ENABLE_OBJC_ARC = YES;
				CLANG_ENABLE_OBJC_WEAK = YES;
				CLANG_WARN_BLOCK_CAPTURE_AUTORELEASING = YES;
				CLANG_WARN_BOOL_CONVERSION = YES;
				CLANG_WARN_COMMA = YES;
				CLANG_WARN_CONSTANT_CONVERSION = YES;
				CLANG_WARN_DEPRECATED_OBJC_IMPLEMENTATIONS = YES;
				CLANG_WARN_DIRECT_OBJC_ISA_USAGE = YES_ERROR;
				CLANG_WARN_DOCUMENTATION_COMMENTS = YES;
				CLANG_WARN_EMPTY_BODY = YES;
				CLANG_WARN_ENUM_CONVERSION = YES;
				CLANG_WARN_INFINITE_RECURSION = YES;
				CLANG_WARN_INT_CONVERSION = YES;
				CLANG_WARN_NON_LITERAL_NULL_CONVERSION = YES;
				CLANG_WARN_OBJC_IMPLICIT_RETAIN_SELF = YES;
				CLANG_WARN_OBJC_LITERAL_CONVERSION = YES;
				CLANG_WARN_OBJC_ROOT_CLASS = YES_ERROR;
				CLANG_WARN_QUOTED_INCLUDE_IN_FRAMEWORK_HEADER = YES;
				CLANG_WARN_RANGE_LOOP_ANALYSIS = YES;
				CLANG_WARN_STRICT_PROTOTYPES = YES;
				CLANG_WARN_SUSPICIOUS_MOVE = YES;
				CLANG_WARN_UNGUARDED_AVAILABILITY = YES_AGGRESSIVE;
				CLANG_WARN_UNREACHABLE_CODE = YES;
				CLANG_WARN__DUPLICATE_METHOD_MATCH = YES;
				COPY_PHASE_STRIP = NO;
				DEBUG_INFORMATION_FORMAT = "dwarf-with-dsym";
				ENABLE_NS_ASSERTIONS = NO;
				ENABLE_STRICT_OBJC_MSGSEND = YES;
				ENABLE_USER_SCRIPT_SANDBOXING = YES;
				GCC_C_LANGUAGE_STANDARD = gnu17;
				GCC_NO_COMMON_BLOCKS = YES;
				GCC_WARN_64_TO_32_BIT_CONVERSION = YES;
				GCC_WARN_ABOUT_RETURN_TYPE = YES_ERROR;
				GCC_WARN_UNDECLARED_SELECTOR = YES;
				GCC_WARN_UNINITIALIZED_AUTOS = YES_AGGRESSIVE;
				GCC_WARN_UNUSED_FUNCTION = YES;
				GCC_WARN_UNUSED_VARIABLE = YES;
				IPHONEOS_DEPLOYMENT_TARGET = 17.2;
				LOCALIZATION_PREFERS_STRING_CATALOGS = YES;
				MTL_ENABLE_DEBUG_INFO = NO;
				MTL_FAST_MATH = YES;
				SDKROOT = iphoneos;
				SWIFT_COMPILATION_MODE = wholemodule;
				VALIDATE_PRODUCT = YES;
			};
			name = Release;
		};
		5EE769C22D76BF23009DEB58 /* Debug */ = {
			isa = XCBuildConfiguration;
			buildSettings = {
				ASSETCATALOG_COMPILER_APPICON_NAME = AppIcon;
				ASSETCATALOG_COMPILER_GLOBAL_ACCENT_COLOR_NAME = AccentColor;
				CODE_SIGN_STYLE = Automatic;
				CURRENT_PROJECT_VERSION = 1;
				DEVELOPMENT_TEAM = TDW27ADF89;
				GENERATE_INFOPLIST_FILE = YES;
				INFOPLIST_FILE = "Cosmo-iOS/Info.plist";
				INFOPLIST_KEY_UIApplicationSupportsIndirectInputEvents = YES;
				INFOPLIST_KEY_UILaunchStoryboardName = LaunchScreen;
				INFOPLIST_KEY_UIMainStoryboardFile = Main;
				INFOPLIST_KEY_UISupportedInterfaceOrientations_iPad = "UIInterfaceOrientationPortrait UIInterfaceOrientationPortraitUpsideDown UIInterfaceOrientationLandscapeLeft UIInterfaceOrientationLandscapeRight";
				INFOPLIST_KEY_UISupportedInterfaceOrientations_iPhone = "UIInterfaceOrientationPortrait UIInterfaceOrientationLandscapeLeft UIInterfaceOrientationLandscapeRight";
				LD_RUNPATH_SEARCH_PATHS = (
					"$(inherited)",
					"@executable_path/Frameworks",
				);
				MARKETING_VERSION = 1.0;
				PRODUCT_BUNDLE_IDENTIFIER = "com.hoon.Cosmo-iOS";
				PRODUCT_NAME = "$(TARGET_NAME)";
				SWIFT_EMIT_LOC_STRINGS = YES;
				SWIFT_VERSION = 5.0;
				TARGETED_DEVICE_FAMILY = "1,2";
			};
			name = Debug;
		};
		5EE769C32D76BF23009DEB58 /* Release */ = {
			isa = XCBuildConfiguration;
			buildSettings = {
				ASSETCATALOG_COMPILER_APPICON_NAME = AppIcon;
				ASSETCATALOG_COMPILER_GLOBAL_ACCENT_COLOR_NAME = AccentColor;
				CODE_SIGN_STYLE = Automatic;
				CURRENT_PROJECT_VERSION = 1;
				DEVELOPMENT_TEAM = TDW27ADF89;
				GENERATE_INFOPLIST_FILE = YES;
				INFOPLIST_FILE = "Cosmo-iOS/Info.plist";
				INFOPLIST_KEY_UIApplicationSupportsIndirectInputEvents = YES;
				INFOPLIST_KEY_UILaunchStoryboardName = LaunchScreen;
				INFOPLIST_KEY_UIMainStoryboardFile = Main;
				INFOPLIST_KEY_UISupportedInterfaceOrientations_iPad = "UIInterfaceOrientationPortrait UIInterfaceOrientationPortraitUpsideDown UIInterfaceOrientationLandscapeLeft UIInterfaceOrientationLandscapeRight";
				INFOPLIST_KEY_UISupportedInterfaceOrientations_iPhone = "UIInterfaceOrientationPortrait UIInterfaceOrientationLandscapeLeft UIInterfaceOrientationLandscapeRight";
				LD_RUNPATH_SEARCH_PATHS = (
					"$(inherited)",
					"@executable_path/Frameworks",
				);
				MARKETING_VERSION = 1.0;
				PRODUCT_BUNDLE_IDENTIFIER = "com.hoon.Cosmo-iOS";
				PRODUCT_NAME = "$(TARGET_NAME)";
				SWIFT_EMIT_LOC_STRINGS = YES;
				SWIFT_VERSION = 5.0;
				TARGETED_DEVICE_FAMILY = "1,2";
			};
			name = Release;
		};
/* End XCBuildConfiguration section */

/* Begin XCConfigurationList section */
		5EE769A82D76BF21009DEB58 /* Build configuration list for PBXProject "Cosmo-iOS" */ = {
			isa = XCConfigurationList;
			buildConfigurations = (
				5EE769BF2D76BF23009DEB58 /* Debug */,
				5EE769C02D76BF23009DEB58 /* Release */,
			);
			defaultConfigurationIsVisible = 0;
			defaultConfigurationName = Release;
		};
		5EE769C12D76BF23009DEB58 /* Build configuration list for PBXNativeTarget "Cosmo-iOS" */ = {
			isa = XCConfigurationList;
			buildConfigurations = (
				5EE769C22D76BF23009DEB58 /* Debug */,
				5EE769C32D76BF23009DEB58 /* Release */,
			);
			defaultConfigurationIsVisible = 0;
			defaultConfigurationName = Release;
		};
/* End XCConfigurationList section */

/* Begin XCRemoteSwiftPackageReference section */
		5EF2C5132D9BD3B500EA89C1 /* XCRemoteSwiftPackageReference "SnapKit" */ = {
			isa = XCRemoteSwiftPackageReference;
			repositoryURL = "https://github.com/SnapKit/SnapKit.git";
			requirement = {
				kind = upToNextMajorVersion;
				minimumVersion = 5.7.1;
			};
		};
		5EF2C5162D9BD3C900EA89C1 /* XCRemoteSwiftPackageReference "RxSwift" */ = {
			isa = XCRemoteSwiftPackageReference;
			repositoryURL = "https://github.com/ReactiveX/RxSwift.git";
			requirement = {
				kind = upToNextMajorVersion;
				minimumVersion = 6.9.0;
			};
		};
		5EF2C51D2D9BD67000EA89C1 /* XCRemoteSwiftPackageReference "RxGesture" */ = {
			isa = XCRemoteSwiftPackageReference;
			repositoryURL = "https://github.com/RxSwiftCommunity/RxGesture.git";
			requirement = {
				kind = upToNextMajorVersion;
				minimumVersion = 4.0.4;
			};
		};
		5EF2C5252D9C1B3000EA89C1 /* XCRemoteSwiftPackageReference "RxDataSources" */ = {
			isa = XCRemoteSwiftPackageReference;
			repositoryURL = "https://github.com/RxSwiftCommunity/RxDataSources.git";
			requirement = {
				kind = upToNextMajorVersion;
				minimumVersion = 5.0.2;
			};
		};
/* End XCRemoteSwiftPackageReference section */

/* Begin XCSwiftPackageProductDependency section */
		5EF2C5142D9BD3B500EA89C1 /* SnapKit */ = {
			isa = XCSwiftPackageProductDependency;
			package = 5EF2C5132D9BD3B500EA89C1 /* XCRemoteSwiftPackageReference "SnapKit" */;
			productName = SnapKit;
		};
		5EF2C5172D9BD3C900EA89C1 /* RxCocoa */ = {
			isa = XCSwiftPackageProductDependency;
			package = 5EF2C5162D9BD3C900EA89C1 /* XCRemoteSwiftPackageReference "RxSwift" */;
			productName = RxCocoa;
		};
		5EF2C5192D9BD3C900EA89C1 /* RxSwift */ = {
			isa = XCSwiftPackageProductDependency;
			package = 5EF2C5162D9BD3C900EA89C1 /* XCRemoteSwiftPackageReference "RxSwift" */;
			productName = RxSwift;
		};
		5EF2C51E2D9BD67000EA89C1 /* RxGesture */ = {
			isa = XCSwiftPackageProductDependency;
			package = 5EF2C51D2D9BD67000EA89C1 /* XCRemoteSwiftPackageReference "RxGesture" */;
			productName = RxGesture;
		};
		5EF2C5262D9C1B3000EA89C1 /* RxDataSources */ = {
			isa = XCSwiftPackageProductDependency;
			package = 5EF2C5252D9C1B3000EA89C1 /* XCRemoteSwiftPackageReference "RxDataSources" */;
			productName = RxDataSources;
		};
/* End XCSwiftPackageProductDependency section */
	};
	rootObject = 5EE769A52D76BF21009DEB58 /* Project object */;
}
